
Microsoft Visual Studio Solution File, Format Version 12.00
# Visual Studio Version 17
VisualStudioVersion = 17.2.32602.215
MinimumVisualStudioVersion = 10.0.40219.1
Project("{FAE04EC0-301F-11D3-BF4B-00C04F79EFBC}") = "opacity_forms", "opacity_forms\opacity_forms.csproj", "{77EB1194-B023-4EB2-97C7-30F887947E02}"
EndProject
Project("{54435603-DBB4-11D2-8724-00A0C9A8B90C}") = "Dates", "Dates\Dates.vdproj", "{8D89233D-CC68-4567-91A4-CB2621251BE8}"
EndProject
Project("{54435603-DBB4-11D2-8724-00A0C9A8B90C}") = "GoodDays", "GoodDays\GoodDays.vdproj", "{7694B71E-425E-43BA-8F49-0EAF1FDAAE51}"
EndProject
Global
	GlobalSection(SolutionConfigurationPlatforms) = preSolution
		Debug|Any CPU = Debug|Any CPU
		Debug|x86 = Debug|x86
		Release|Any CPU = Release|Any CPU
		Release|x86 = Release|x86
	EndGlobalSection
	GlobalSection(ProjectConfigurationPlatforms) = postSolution
		{77EB1194-B023-4EB2-97C7-30F887947E02}.Debug|Any CPU.ActiveCfg = Release|Any CPU
		{77EB1194-B023-4EB2-97C7-30F887947E02}.Debug|Any CPU.Build.0 = Release|Any CPU
		{77EB1194-B023-4EB2-97C7-30F887947E02}.Debug|x86.ActiveCfg = Debug|Any CPU
		{77EB1194-B023-4EB2-97C7-30F887947E02}.Debug|x86.Build.0 = Debug|Any CPU
		{77EB1194-B023-4EB2-97C7-30F887947E02}.Release|Any CPU.ActiveCfg = Release|Any CPU
		{77EB1194-B023-4EB2-97C7-30F887947E02}.Release|Any CPU.Build.0 = Release|Any CPU
		{77EB1194-B023-4EB2-97C7-30F887947E02}.Release|x86.ActiveCfg = Release|Any CPU
		{77EB1194-B023-4EB2-97C7-30F887947E02}.Release|x86.Build.0 = Release|Any CPU
		{8D89233D-CC68-4567-91A4-CB2621251BE8}.Debug|Any CPU.ActiveCfg = Debug
		{8D89233D-CC68-4567-91A4-CB2621251BE8}.Debug|x86.ActiveCfg = Debug
		{8D89233D-CC68-4567-91A4-CB2621251BE8}.Release|Any CPU.ActiveCfg = Release
		{8D89233D-CC68-4567-91A4-CB2621251BE8}.Release|Any CPU.Build.0 = Release
		{8D89233D-CC68-4567-91A4-CB2621251BE8}.Release|x86.ActiveCfg = Release
		{7694B71E-425E-43BA-8F49-0EAF1FDAAE51}.Debug|Any CPU.ActiveCfg = Debug
		{7694B71E-425E-43BA-8F49-0EAF1FDAAE51}.Debug|Any CPU.Build.0 = Debug
		{7694B71E-425E-43BA-8F49-0EAF1FDAAE51}.Debug|x86.ActiveCfg = Debug
		{7694B71E-425E-43BA-8F49-0EAF1FDAAE51}.Release|Any CPU.ActiveCfg = Release
		{7694B71E-425E-43BA-8F49-0EAF1FDAAE51}.Release|x86.ActiveCfg = Release
	EndGlobalSection
	GlobalSection(SolutionProperties) = preSolution
		HideSolutionNode = FALSE
	EndGlobalSection
	GlobalSection(ExtensibilityGlobals) = postSolution
		SolutionGuid = {5BB51AAA-CF93-4282-AB7A-FD122B16D04C}
	EndGlobalSection
EndGlobal
