
Microsoft Visual Studio Solution File, Format Version 12.00
# Visual Studio Version 17
VisualStudioVersion = 17.2.32602.215
MinimumVisualStudioVersion = 10.0.40219.1
Project("{FAE04EC0-301F-11D3-BF4B-00C04F79EFBC}") = "opacity_forms", "opacity_forms\opacity_forms.csproj", "{77EB1194-B023-4EB2-97C7-30F887947E02}"
EndProject
Project("{54435603-DBB4-11D2-8724-00A0C9A8B90C}") = "GoodDays_UserControll", "GoodDays_UserControll\GoodDays_UserControll.vdproj", "{6E99231F-7C42-451B-BC41-80AB93A608A8}"
EndProject
Project("{54435603-DBB4-11D2-8724-00A0C9A8B90C}") = "GoodDays", "GoodDays\GoodDays.vdproj", "{09F267FB-0A9F-4C3D-B7AA-F109F63E0C09}"
EndProject
Global
	GlobalSection(SolutionConfigurationPlatforms) = preSolution
		Debug|Any CPU = Debug|Any CPU
		Debug|x86 = Debug|x86
		Release|Any CPU = Release|Any CPU
		Release|x86 = Release|x86
	EndGlobalSection
	GlobalSection(ProjectConfigurationPlatforms) = postSolution
		{77EB1194-B023-4EB2-97C7-30F887947E02}.Debug|Any CPU.ActiveCfg = Release|Any CPU
		{77EB1194-B023-4EB2-97C7-30F887947E02}.Debug|Any CPU.Build.0 = Release|Any CPU
		{77EB1194-B023-4EB2-97C7-30F887947E02}.Debug|x86.ActiveCfg = Debug|Any CPU
		{77EB1194-B023-4EB2-97C7-30F887947E02}.Debug|x86.Build.0 = Debug|Any CPU
		{77EB1194-B023-4EB2-97C7-30F887947E02}.Release|Any CPU.ActiveCfg = Release|Any CPU
		{77EB1194-B023-4EB2-97C7-30F887947E02}.Release|Any CPU.Build.0 = Release|Any CPU
		{77EB1194-B023-4EB2-97C7-30F887947E02}.Release|x86.ActiveCfg = Release|Any CPU
		{77EB1194-B023-4EB2-97C7-30F887947E02}.Release|x86.Build.0 = Release|Any CPU
		{6E99231F-7C42-451B-BC41-80AB93A608A8}.Debug|Any CPU.ActiveCfg = Debug
		{6E99231F-7C42-451B-BC41-80AB93A608A8}.Debug|x86.ActiveCfg = Debug
		{6E99231F-7C42-451B-BC41-80AB93A608A8}.Release|Any CPU.ActiveCfg = Release
		{6E99231F-7C42-451B-BC41-80AB93A608A8}.Release|x86.ActiveCfg = Release
		{09F267FB-0A9F-4C3D-B7AA-F109F63E0C09}.Debug|Any CPU.ActiveCfg = Debug
		{09F267FB-0A9F-4C3D-B7AA-F109F63E0C09}.Debug|Any CPU.Build.0 = Debug
		{09F267FB-0A9F-4C3D-B7AA-F109F63E0C09}.Debug|x86.ActiveCfg = Debug
		{09F267FB-0A9F-4C3D-B7AA-F109F63E0C09}.Release|Any CPU.ActiveCfg = Release
		{09F267FB-0A9F-4C3D-B7AA-F109F63E0C09}.Release|x86.ActiveCfg = Release
	EndGlobalSection
	GlobalSection(SolutionProperties) = preSolution
		HideSolutionNode = FALSE
	EndGlobalSection
	GlobalSection(ExtensibilityGlobals) = postSolution
		SolutionGuid = {5BB51AAA-CF93-4282-AB7A-FD122B16D04C}
	EndGlobalSection
EndGlobal
